
Microsoft Visual Studio Solution File, Format Version 12.00
# Visual Studio Version 17
VisualStudioVersion = 17.6.33829.357
MinimumVisualStudioVersion = 10.0.40219.1
Project("{FAE04EC0-301F-11D3-BF4B-00C04F79EFBC}") = "UpdatedProject", "UpdatedProject\UpdatedProject.csproj", "{F8545068-26BE-45AD-AEF5-FE954A073329}"
EndProject
Global
	GlobalSection(SolutionConfigurationPlatforms) = preSolution
		Debug|Any CPU = Debug|Any CPU
		Release|Any CPU = Release|Any CPU
	EndGlobalSection
	GlobalSection(ProjectConfigurationPlatforms) = postSolution
		{F8545068-26BE-45AD-AEF5-FE954A073329}.Debug|Any CPU.ActiveCfg = Debug|Any CPU
		{F8545068-26BE-45AD-AEF5-FE954A073329}.Debug|Any CPU.Build.0 = Debug|Any CPU
		{F8545068-26BE-45AD-AEF5-FE954A073329}.Release|Any CPU.ActiveCfg = Release|Any CPU
		{F8545068-26BE-45AD-AEF5-FE954A073329}.Release|Any CPU.Build.0 = Release|Any CPU
	EndGlobalSection
	GlobalSection(SolutionProperties) = preSolution
		HideSolutionNode = FALSE
	EndGlobalSection
	GlobalSection(ExtensibilityGlobals) = postSolution
		SolutionGuid = {1E755207-C954-476C-886B-400EA4670136}
	EndGlobalSection
EndGlobal
